// !$*UTF8*$!
{
	archiveVersion = 1;
	classes = {
	};
	objectVersion = 50;
	objects = {

/* Begin PBXBuildFile section */
		F6518B1A25021869004B1FFC /* AppDelegate.swift in Sources */ = {isa = PBXBuildFile; fileRef = F6518B1925021869004B1FFC /* AppDelegate.swift */; };
		F6518B1C25021869004B1FFC /* SceneDelegate.swift in Sources */ = {isa = PBXBuildFile; fileRef = F6518B1B25021869004B1FFC /* SceneDelegate.swift */; };
		F6518B1E25021869004B1FFC /* ViewController.swift in Sources */ = {isa = PBXBuildFile; fileRef = F6518B1D25021869004B1FFC /* ViewController.swift */; };
		F6518B2125021869004B1FFC /* Main.storyboard in Resources */ = {isa = PBXBuildFile; fileRef = F6518B1F25021869004B1FFC /* Main.storyboard */; };
		F6518B232502186D004B1FFC /* Assets.xcassets in Resources */ = {isa = PBXBuildFile; fileRef = F6518B222502186D004B1FFC /* Assets.xcassets */; };
		F6518B262502186D004B1FFC /* LaunchScreen.storyboard in Resources */ = {isa = PBXBuildFile; fileRef = F6518B242502186D004B1FFC /* LaunchScreen.storyboard */; };
		F6518B2E25022CFF004B1FFC /* TweetSentimentClassifier.mlmodel in Sources */ = {isa = PBXBuildFile; fileRef = F6518B2D25022CFF004B1FFC /* TweetSentimentClassifier.mlmodel */; };
		F6518B42250444CF004B1FFC /* SwifteriOS.framework in Frameworks */ = {isa = PBXBuildFile; fileRef = F6518B3A2504443E004B1FFC /* SwifteriOS.framework */; };
		F6518B43250444CF004B1FFC /* SwifteriOS.framework in Embed Frameworks */ = {isa = PBXBuildFile; fileRef = F6518B3A2504443E004B1FFC /* SwifteriOS.framework */; settings = {ATTRIBUTES = (CodeSignOnCopy, RemoveHeadersOnCopy, ); }; };
		F6518B4725044949004B1FFC /* Secrets.plist in Resources */ = {isa = PBXBuildFile; fileRef = F6518B4625044949004B1FFC /* Secrets.plist */; };
/* End PBXBuildFile section */

/* Begin PBXContainerItemProxy section */
		F6518B372504443E004B1FFC /* PBXContainerItemProxy */ = {
			isa = PBXContainerItemProxy;
			containerPortal = F6518B2F2504443D004B1FFC /* Swifter.xcodeproj */;
			proxyType = 2;
			remoteGlobalIDString = 8B300C1F1944AA1A00993175;
			remoteInfo = SwifterDemoiOS;
		};
		F6518B392504443E004B1FFC /* PBXContainerItemProxy */ = {
			isa = PBXContainerItemProxy;
			containerPortal = F6518B2F2504443D004B1FFC /* Swifter.xcodeproj */;
			proxyType = 2;
			remoteGlobalIDString = 8B9F50EE1944A5AB00894629;
			remoteInfo = SwifteriOS;
		};
		F6518B3B2504443E004B1FFC /* PBXContainerItemProxy */ = {
			isa = PBXContainerItemProxy;
			containerPortal = F6518B2F2504443D004B1FFC /* Swifter.xcodeproj */;
			proxyType = 2;
			remoteGlobalIDString = 8B9F51131944A61D00894629;
			remoteInfo = SwifterMac;
		};
		F6518B3D2504443E004B1FFC /* PBXContainerItemProxy */ = {
			isa = PBXContainerItemProxy;
			containerPortal = F6518B2F2504443D004B1FFC /* Swifter.xcodeproj */;
			proxyType = 2;
			remoteGlobalIDString = 8B300C471944AECB00993175;
			remoteInfo = SwifterDemoMac;
		};
		F6518B3F2504443E004B1FFC /* PBXContainerItemProxy */ = {
			isa = PBXContainerItemProxy;
			containerPortal = F6518B2F2504443D004B1FFC /* Swifter.xcodeproj */;
			proxyType = 2;
			remoteGlobalIDString = F6B4D5751C7BAC4500E06514;
			remoteInfo = SwifterTests;
		};
/* End PBXContainerItemProxy section */

/* Begin PBXCopyFilesBuildPhase section */
		F6518B44250444CF004B1FFC /* Embed Frameworks */ = {
			isa = PBXCopyFilesBuildPhase;
			buildActionMask = 2147483647;
			dstPath = "";
			dstSubfolderSpec = 10;
			files = (
				F6518B43250444CF004B1FFC /* SwifteriOS.framework in Embed Frameworks */,
			);
			name = "Embed Frameworks";
			runOnlyForDeploymentPostprocessing = 0;
		};
/* End PBXCopyFilesBuildPhase section */

/* Begin PBXFileReference section */
		F6518B1625021869004B1FFC /* TwitterSentimentAnalysis.app */ = {isa = PBXFileReference; explicitFileType = wrapper.application; includeInIndex = 0; path = TwitterSentimentAnalysis.app; sourceTree = BUILT_PRODUCTS_DIR; };
		F6518B1925021869004B1FFC /* AppDelegate.swift */ = {isa = PBXFileReference; lastKnownFileType = sourcecode.swift; path = AppDelegate.swift; sourceTree = "<group>"; };
		F6518B1B25021869004B1FFC /* SceneDelegate.swift */ = {isa = PBXFileReference; lastKnownFileType = sourcecode.swift; path = SceneDelegate.swift; sourceTree = "<group>"; };
		F6518B1D25021869004B1FFC /* ViewController.swift */ = {isa = PBXFileReference; lastKnownFileType = sourcecode.swift; path = ViewController.swift; sourceTree = "<group>"; };
		F6518B2025021869004B1FFC /* Base */ = {isa = PBXFileReference; lastKnownFileType = file.storyboard; name = Base; path = Base.lproj/Main.storyboard; sourceTree = "<group>"; };
		F6518B222502186D004B1FFC /* Assets.xcassets */ = {isa = PBXFileReference; lastKnownFileType = folder.assetcatalog; path = Assets.xcassets; sourceTree = "<group>"; };
		F6518B252502186D004B1FFC /* Base */ = {isa = PBXFileReference; lastKnownFileType = file.storyboard; name = Base; path = Base.lproj/LaunchScreen.storyboard; sourceTree = "<group>"; };
		F6518B272502186D004B1FFC /* Info.plist */ = {isa = PBXFileReference; lastKnownFileType = text.plist.xml; path = Info.plist; sourceTree = "<group>"; };
		F6518B2D25022CFF004B1FFC /* TweetSentimentClassifier.mlmodel */ = {isa = PBXFileReference; lastKnownFileType = file.mlmodel; path = TweetSentimentClassifier.mlmodel; sourceTree = "<group>"; };
		F6518B2F2504443D004B1FFC /* Swifter.xcodeproj */ = {isa = PBXFileReference; lastKnownFileType = "wrapper.pb-project"; name = Swifter.xcodeproj; path = ../../../Swifter/Swifter.xcodeproj; sourceTree = "<group>"; };
		F6518B4625044949004B1FFC /* Secrets.plist */ = {isa = PBXFileReference; lastKnownFileType = text.plist.xml; path = Secrets.plist; sourceTree = "<group>"; };
/* End PBXFileReference section */

/* Begin PBXFrameworksBuildPhase section */
		F6518B1325021869004B1FFC /* Frameworks */ = {
			isa = PBXFrameworksBuildPhase;
			buildActionMask = 2147483647;
			files = (
				F6518B42250444CF004B1FFC /* SwifteriOS.framework in Frameworks */,
			);
			runOnlyForDeploymentPostprocessing = 0;
		};
/* End PBXFrameworksBuildPhase section */

/* Begin PBXGroup section */
		F6518B0D25021869004B1FFC = {
			isa = PBXGroup;
			children = (
				F6518B2F2504443D004B1FFC /* Swifter.xcodeproj */,
				F6518B1825021869004B1FFC /* TwitterSentimentAnalysis */,
				F6518B1725021869004B1FFC /* Products */,
				F6518B41250444CF004B1FFC /* Frameworks */,
			);
			sourceTree = "<group>";
		};
		F6518B1725021869004B1FFC /* Products */ = {
			isa = PBXGroup;
			children = (
				F6518B1625021869004B1FFC /* TwitterSentimentAnalysis.app */,
			);
			name = Products;
			sourceTree = "<group>";
		};
		F6518B1825021869004B1FFC /* TwitterSentimentAnalysis */ = {
			isa = PBXGroup;
			children = (
				F6518B2D25022CFF004B1FFC /* TweetSentimentClassifier.mlmodel */,
				F6518B1925021869004B1FFC /* AppDelegate.swift */,
				F6518B1B25021869004B1FFC /* SceneDelegate.swift */,
				F6518B1D25021869004B1FFC /* ViewController.swift */,
				F6518B4625044949004B1FFC /* Secrets.plist */,
				F6518B1F25021869004B1FFC /* Main.storyboard */,
				F6518B222502186D004B1FFC /* Assets.xcassets */,
				F6518B242502186D004B1FFC /* LaunchScreen.storyboard */,
				F6518B272502186D004B1FFC /* Info.plist */,
			);
			path = TwitterSentimentAnalysis;
			sourceTree = "<group>";
		};
		F6518B302504443D004B1FFC /* Products */ = {
			isa = PBXGroup;
			children = (
				F6518B382504443E004B1FFC /* SwifterDemoiOS.app */,
				F6518B3A2504443E004B1FFC /* SwifteriOS.framework */,
				F6518B3C2504443E004B1FFC /* SwifterMac.framework */,
				F6518B3E2504443E004B1FFC /* SwifterDemoMac.app */,
				F6518B402504443E004B1FFC /* SwifterTests.xctest */,
			);
			name = Products;
			sourceTree = "<group>";
		};
		F6518B41250444CF004B1FFC /* Frameworks */ = {
			isa = PBXGroup;
			children = (
			);
			name = Frameworks;
			sourceTree = "<group>";
		};
/* End PBXGroup section */

/* Begin PBXNativeTarget section */
		F6518B1525021869004B1FFC /* TwitterSentimentAnalysis */ = {
			isa = PBXNativeTarget;
			buildConfigurationList = F6518B2A2502186D004B1FFC /* Build configuration list for PBXNativeTarget "TwitterSentimentAnalysis" */;
			buildPhases = (
				F6518B1225021869004B1FFC /* Sources */,
				F6518B1325021869004B1FFC /* Frameworks */,
				F6518B1425021869004B1FFC /* Resources */,
				F6518B44250444CF004B1FFC /* Embed Frameworks */,
			);
			buildRules = (
			);
			dependencies = (
			);
			name = TwitterSentimentAnalysis;
			productName = TwitterSentimentAnalysis;
			productReference = F6518B1625021869004B1FFC /* TwitterSentimentAnalysis.app */;
			productType = "com.apple.product-type.application";
		};
/* End PBXNativeTarget section */

/* Begin PBXProject section */
		F6518B0E25021869004B1FFC /* Project object */ = {
			isa = PBXProject;
			attributes = {
				LastSwiftUpdateCheck = 1140;
				LastUpgradeCheck = 1140;
				ORGANIZATIONNAME = "Harman Singh";
				TargetAttributes = {
					F6518B1525021869004B1FFC = {
						CreatedOnToolsVersion = 11.4.1;
					};
				};
			};
			buildConfigurationList = F6518B1125021869004B1FFC /* Build configuration list for PBXProject "TwitterSentimentAnalysis" */;
			compatibilityVersion = "Xcode 9.3";
			developmentRegion = en;
			hasScannedForEncodings = 0;
			knownRegions = (
				en,
				Base,
			);
			mainGroup = F6518B0D25021869004B1FFC;
			productRefGroup = F6518B1725021869004B1FFC /* Products */;
			projectDirPath = "";
			projectReferences = (
				{
					ProductGroup = F6518B302504443D004B1FFC /* Products */;
					ProjectRef = F6518B2F2504443D004B1FFC /* Swifter.xcodeproj */;
				},
			);
			projectRoot = "";
			targets = (
				F6518B1525021869004B1FFC /* TwitterSentimentAnalysis */,
			);
		};
/* End PBXProject section */

/* Begin PBXReferenceProxy section */
		F6518B382504443E004B1FFC /* SwifterDemoiOS.app */ = {
			isa = PBXReferenceProxy;
			fileType = wrapper.application;
			path = SwifterDemoiOS.app;
			remoteRef = F6518B372504443E004B1FFC /* PBXContainerItemProxy */;
			sourceTree = BUILT_PRODUCTS_DIR;
		};
		F6518B3A2504443E004B1FFC /* SwifteriOS.framework */ = {
			isa = PBXReferenceProxy;
			fileType = wrapper.framework;
			path = SwifteriOS.framework;
			remoteRef = F6518B392504443E004B1FFC /* PBXContainerItemProxy */;
			sourceTree = BUILT_PRODUCTS_DIR;
		};
		F6518B3C2504443E004B1FFC /* SwifterMac.framework */ = {
			isa = PBXReferenceProxy;
			fileType = wrapper.framework;
			path = SwifterMac.framework;
			remoteRef = F6518B3B2504443E004B1FFC /* PBXContainerItemProxy */;
			sourceTree = BUILT_PRODUCTS_DIR;
		};
		F6518B3E2504443E004B1FFC /* SwifterDemoMac.app */ = {
			isa = PBXReferenceProxy;
			fileType = wrapper.application;
			path = SwifterDemoMac.app;
			remoteRef = F6518B3D2504443E004B1FFC /* PBXContainerItemProxy */;
			sourceTree = BUILT_PRODUCTS_DIR;
		};
		F6518B402504443E004B1FFC /* SwifterTests.xctest */ = {
			isa = PBXReferenceProxy;
			fileType = wrapper.cfbundle;
			path = SwifterTests.xctest;
			remoteRef = F6518B3F2504443E004B1FFC /* PBXContainerItemProxy */;
			sourceTree = BUILT_PRODUCTS_DIR;
		};
/* End PBXReferenceProxy section */

/* Begin PBXResourcesBuildPhase section */
		F6518B1425021869004B1FFC /* Resources */ = {
			isa = PBXResourcesBuildPhase;
			buildActionMask = 2147483647;
			files = (
				F6518B4725044949004B1FFC /* Secrets.plist in Resources */,
				F6518B262502186D004B1FFC /* LaunchScreen.storyboard in Resources */,
				F6518B232502186D004B1FFC /* Assets.xcassets in Resources */,
				F6518B2125021869004B1FFC /* Main.storyboard in Resources */,
			);
			runOnlyForDeploymentPostprocessing = 0;
		};
/* End PBXResourcesBuildPhase section */

/* Begin PBXSourcesBuildPhase section */
		F6518B1225021869004B1FFC /* Sources */ = {
			isa = PBXSourcesBuildPhase;
			buildActionMask = 2147483647;
			files = (
				F6518B1E25021869004B1FFC /* ViewController.swift in Sources */,
				F6518B1A25021869004B1FFC /* AppDelegate.swift in Sources */,
				F6518B2E25022CFF004B1FFC /* TweetSentimentClassifier.mlmodel in Sources */,
				F6518B1C25021869004B1FFC /* SceneDelegate.swift in Sources */,
			);
			runOnlyForDeploymentPostprocessing = 0;
		};
/* End PBXSourcesBuildPhase section */

/* Begin PBXVariantGroup section */
		F6518B1F25021869004B1FFC /* Main.storyboard */ = {
			isa = PBXVariantGroup;
			children = (
				F6518B2025021869004B1FFC /* Base */,
			);
			name = Main.storyboard;
			sourceTree = "<group>";
		};
		F6518B242502186D004B1FFC /* LaunchScreen.storyboard */ = {
			isa = PBXVariantGroup;
			children = (
				F6518B252502186D004B1FFC /* Base */,
			);
			name = LaunchScreen.storyboard;
			sourceTree = "<group>";
		};
/* End PBXVariantGroup section */

/* Begin XCBuildConfiguration section */
		F6518B282502186D004B1FFC /* Debug */ = {
			isa = XCBuildConfiguration;
			buildSettings = {
				ALWAYS_SEARCH_USER_PATHS = NO;
				CLANG_ANALYZER_NONNULL = YES;
				CLANG_ANALYZER_NUMBER_OBJECT_CONVERSION = YES_AGGRESSIVE;
				CLANG_CXX_LANGUAGE_STANDARD = "gnu++14";
				CLANG_CXX_LIBRARY = "libc++";
				CLANG_ENABLE_MODULES = YES;
				CLANG_ENABLE_OBJC_ARC = YES;
				CLANG_ENABLE_OBJC_WEAK = YES;
				CLANG_WARN_BLOCK_CAPTURE_AUTORELEASING = YES;
				CLANG_WARN_BOOL_CONVERSION = YES;
				CLANG_WARN_COMMA = YES;
				CLANG_WARN_CONSTANT_CONVERSION = YES;
				CLANG_WARN_DEPRECATED_OBJC_IMPLEMENTATIONS = YES;
				CLANG_WARN_DIRECT_OBJC_ISA_USAGE = YES_ERROR;
				CLANG_WARN_DOCUMENTATION_COMMENTS = YES;
				CLANG_WARN_EMPTY_BODY = YES;
				CLANG_WARN_ENUM_CONVERSION = YES;
				CLANG_WARN_INFINITE_RECURSION = YES;
				CLANG_WARN_INT_CONVERSION = YES;
				CLANG_WARN_NON_LITERAL_NULL_CONVERSION = YES;
				CLANG_WARN_OBJC_IMPLICIT_RETAIN_SELF = YES;
				CLANG_WARN_OBJC_LITERAL_CONVERSION = YES;
				CLANG_WARN_OBJC_ROOT_CLASS = YES_ERROR;
				CLANG_WARN_RANGE_LOOP_ANALYSIS = YES;
				CLANG_WARN_STRICT_PROTOTYPES = YES;
				CLANG_WARN_SUSPICIOUS_MOVE = YES;
				CLANG_WARN_UNGUARDED_AVAILABILITY = YES_AGGRESSIVE;
				CLANG_WARN_UNREACHABLE_CODE = YES;
				CLANG_WARN__DUPLICATE_METHOD_MATCH = YES;
				COPY_PHASE_STRIP = NO;
				DEBUG_INFORMATION_FORMAT = dwarf;
				ENABLE_STRICT_OBJC_MSGSEND = YES;
				ENABLE_TESTABILITY = YES;
				GCC_C_LANGUAGE_STANDARD = gnu11;
				GCC_DYNAMIC_NO_PIC = NO;
				GCC_NO_COMMON_BLOCKS = YES;
				GCC_OPTIMIZATION_LEVEL = 0;
				GCC_PREPROCESSOR_DEFINITIONS = (
					"DEBUG=1",
					"$(inherited)",
				);
				GCC_WARN_64_TO_32_BIT_CONVERSION = YES;
				GCC_WARN_ABOUT_RETURN_TYPE = YES_ERROR;
				GCC_WARN_UNDECLARED_SELECTOR = YES;
				GCC_WARN_UNINITIALIZED_AUTOS = YES_AGGRESSIVE;
				GCC_WARN_UNUSED_FUNCTION = YES;
				GCC_WARN_UNUSED_VARIABLE = YES;
				IPHONEOS_DEPLOYMENT_TARGET = 13.4;
				MTL_ENABLE_DEBUG_INFO = INCLUDE_SOURCE;
				MTL_FAST_MATH = YES;
				ONLY_ACTIVE_ARCH = YES;
				SDKROOT = iphoneos;
				SWIFT_ACTIVE_COMPILATION_CONDITIONS = DEBUG;
				SWIFT_OPTIMIZATION_LEVEL = "-Onone";
			};
			name = Debug;
		};
		F6518B292502186D004B1FFC /* Release */ = {
			isa = XCBuildConfiguration;
			buildSettings = {
				ALWAYS_SEARCH_USER_PATHS = NO;
				CLANG_ANALYZER_NONNULL = YES;
				CLANG_ANALYZER_NUMBER_OBJECT_CONVERSION = YES_AGGRESSIVE;
				CLANG_CXX_LANGUAGE_STANDARD = "gnu++14";
				CLANG_CXX_LIBRARY = "libc++";
				CLANG_ENABLE_MODULES = YES;
				CLANG_ENABLE_OBJC_ARC = YES;
				CLANG_ENABLE_OBJC_WEAK = YES;
				CLANG_WARN_BLOCK_CAPTURE_AUTORELEASING = YES;
				CLANG_WARN_BOOL_CONVERSION = YES;
				CLANG_WARN_COMMA = YES;
				CLANG_WARN_CONSTANT_CONVERSION = YES;
				CLANG_WARN_DEPRECATED_OBJC_IMPLEMENTATIONS = YES;
				CLANG_WARN_DIRECT_OBJC_ISA_USAGE = YES_ERROR;
				CLANG_WARN_DOCUMENTATION_COMMENTS = YES;
				CLANG_WARN_EMPTY_BODY = YES;
				CLANG_WARN_ENUM_CONVERSION = YES;
				CLANG_WARN_INFINITE_RECURSION = YES;
				CLANG_WARN_INT_CONVERSION = YES;
				CLANG_WARN_NON_LITERAL_NULL_CONVERSION = YES;
				CLANG_WARN_OBJC_IMPLICIT_RETAIN_SELF = YES;
				CLANG_WARN_OBJC_LITERAL_CONVERSION = YES;
				CLANG_WARN_OBJC_ROOT_CLASS = YES_ERROR;
				CLANG_WARN_RANGE_LOOP_ANALYSIS = YES;
				CLANG_WARN_STRICT_PROTOTYPES = YES;
				CLANG_WARN_SUSPICIOUS_MOVE = YES;
				CLANG_WARN_UNGUARDED_AVAILABILITY = YES_AGGRESSIVE;
				CLANG_WARN_UNREACHABLE_CODE = YES;
				CLANG_WARN__DUPLICATE_METHOD_MATCH = YES;
				COPY_PHASE_STRIP = NO;
				DEBUG_INFORMATION_FORMAT = "dwarf-with-dsym";
				ENABLE_NS_ASSERTIONS = NO;
				ENABLE_STRICT_OBJC_MSGSEND = YES;
				GCC_C_LANGUAGE_STANDARD = gnu11;
				GCC_NO_COMMON_BLOCKS = YES;
				GCC_WARN_64_TO_32_BIT_CONVERSION = YES;
				GCC_WARN_ABOUT_RETURN_TYPE = YES_ERROR;
				GCC_WARN_UNDECLARED_SELECTOR = YES;
				GCC_WARN_UNINITIALIZED_AUTOS = YES_AGGRESSIVE;
				GCC_WARN_UNUSED_FUNCTION = YES;
				GCC_WARN_UNUSED_VARIABLE = YES;
				IPHONEOS_DEPLOYMENT_TARGET = 13.4;
				MTL_ENABLE_DEBUG_INFO = NO;
				MTL_FAST_MATH = YES;
				SDKROOT = iphoneos;
				SWIFT_COMPILATION_MODE = wholemodule;
				SWIFT_OPTIMIZATION_LEVEL = "-O";
				VALIDATE_PRODUCT = YES;
			};
			name = Release;
		};
		F6518B2B2502186D004B1FFC /* Debug */ = {
			isa = XCBuildConfiguration;
			buildSettings = {
				ASSETCATALOG_COMPILER_APPICON_NAME = AppIcon;
				CODE_SIGN_STYLE = Automatic;
				DEVELOPMENT_TEAM = 848MZ5522W;
				INFOPLIST_FILE = TwitterSentimentAnalysis/Info.plist;
				LD_RUNPATH_SEARCH_PATHS = (
					"$(inherited)",
					"@executable_path/Frameworks",
				);
				PRODUCT_BUNDLE_IDENTIFIER = com.harmanSingh.TwitterSentimentAnalysis;
				PRODUCT_NAME = "$(TARGET_NAME)";
				SWIFT_VERSION = 5.0;
				TARGETED_DEVICE_FAMILY = "1,2";
			};
			name = Debug;
		};
		F6518B2C2502186D004B1FFC /* Release */ = {
			isa = XCBuildConfiguration;
			buildSettings = {
				ASSETCATALOG_COMPILER_APPICON_NAME = AppIcon;
				CODE_SIGN_STYLE = Automatic;
				DEVELOPMENT_TEAM = 848MZ5522W;
				INFOPLIST_FILE = TwitterSentimentAnalysis/Info.plist;
				LD_RUNPATH_SEARCH_PATHS = (
					"$(inherited)",
					"@executable_path/Frameworks",
				);
				PRODUCT_BUNDLE_IDENTIFIER = com.harmanSingh.TwitterSentimentAnalysis;
				PRODUCT_NAME = "$(TARGET_NAME)";
				SWIFT_VERSION = 5.0;
				TARGETED_DEVICE_FAMILY = "1,2";
			};
			name = Release;
		};
/* End XCBuildConfiguration section */

/* Begin XCConfigurationList section */
		F6518B1125021869004B1FFC /* Build configuration list for PBXProject "TwitterSentimentAnalysis" */ = {
			isa = XCConfigurationList;
			buildConfigurations = (
				F6518B282502186D004B1FFC /* Debug */,
				F6518B292502186D004B1FFC /* Release */,
			);
			defaultConfigurationIsVisible = 0;
			defaultConfigurationName = Release;
		};
		F6518B2A2502186D004B1FFC /* Build configuration list for PBXNativeTarget "TwitterSentimentAnalysis" */ = {
			isa = XCConfigurationList;
			buildConfigurations = (
				F6518B2B2502186D004B1FFC /* Debug */,
				F6518B2C2502186D004B1FFC /* Release */,
			);
			defaultConfigurationIsVisible = 0;
			defaultConfigurationName = Release;
		};
/* End XCConfigurationList section */
	};
	rootObject = F6518B0E25021869004B1FFC /* Project object */;
}
